
Microsoft Visual Studio Solution File, Format Version 12.00
# Visual Studio Version 17
VisualStudioVersion = 17.5.002.0
MinimumVisualStudioVersion = 10.0.40219.1
Project("{9A19103F-16F7-4668-BE54-9A1E7A4F7556}") = "GenericRepositoryPattern", "GenericRepositoryPattern\GenericRepositoryPattern.csproj", "{9476FAB3-E91A-442E-93E5-A34D378B05E3}"
EndProject
Global
	GlobalSection(SolutionConfigurationPlatforms) = preSolution
		Debug|Any CPU = Debug|Any CPU
		Release|Any CPU = Release|Any CPU
	EndGlobalSection
	GlobalSection(ProjectConfigurationPlatforms) = postSolution
		{9476FAB3-E91A-442E-93E5-A34D378B05E3}.Debug|Any CPU.ActiveCfg = Debug|Any CPU
		{9476FAB3-E91A-442E-93E5-A34D378B05E3}.Debug|Any CPU.Build.0 = Debug|Any CPU
		{9476FAB3-E91A-442E-93E5-A34D378B05E3}.Release|Any CPU.ActiveCfg = Release|Any CPU
		{9476FAB3-E91A-442E-93E5-A34D378B05E3}.Release|Any CPU.Build.0 = Release|Any CPU
	EndGlobalSection
	GlobalSection(SolutionProperties) = preSolution
		HideSolutionNode = FALSE
	EndGlobalSection
	GlobalSection(ExtensibilityGlobals) = postSolution
		SolutionGuid = {FE28B32B-48A2-4BA4-9E18-612694DF7829}
	EndGlobalSection
EndGlobal
